
Microsoft Visual Studio Solution File, Format Version 12.00
# Visual Studio Version 16
VisualStudioVersion = 16.0.29509.3
MinimumVisualStudioVersion = 10.0.40219.1
Project("{2150E333-8FDC-42A3-9474-1A3956D46DE8}") = "src", "src", "{D2118ABB-6B3A-4411-91A6-335ED11E0B05}"
EndProject
Project("{9A19103F-16F7-4668-BE54-9A1E7A4F7556}") = "SampleWebApi", "samples\SampleWebApi\SampleWebApi.csproj", "{C16B1392-AE24-4C31-BF5A-F536CFF98344}"
EndProject
Project("{9A19103F-16F7-4668-BE54-9A1E7A4F7556}") = "Camunda.Dispatcher", "src\Camunda.Dispatcher\Camunda.Dispatcher.csproj", "{4DE43225-F21C-47C4-BEAB-92FD5FD32F69}"
EndProject
Project("{2150E333-8FDC-42A3-9474-1A3956D46DE8}") = "samples", "samples", "{37B6CE95-ADF4-4F28-8918-AB44D93A697C}"
EndProject
Global
	GlobalSection(SolutionConfigurationPlatforms) = preSolution
		Debug|Any CPU = Debug|Any CPU
		Release|Any CPU = Release|Any CPU
	EndGlobalSection
	GlobalSection(ProjectConfigurationPlatforms) = postSolution
		{C16B1392-AE24-4C31-BF5A-F536CFF98344}.Debug|Any CPU.ActiveCfg = Debug|Any CPU
		{C16B1392-AE24-4C31-BF5A-F536CFF98344}.Debug|Any CPU.Build.0 = Debug|Any CPU
		{C16B1392-AE24-4C31-BF5A-F536CFF98344}.Release|Any CPU.ActiveCfg = Release|Any CPU
		{C16B1392-AE24-4C31-BF5A-F536CFF98344}.Release|Any CPU.Build.0 = Release|Any CPU
		{4DE43225-F21C-47C4-BEAB-92FD5FD32F69}.Debug|Any CPU.ActiveCfg = Debug|Any CPU
		{4DE43225-F21C-47C4-BEAB-92FD5FD32F69}.Debug|Any CPU.Build.0 = Debug|Any CPU
		{4DE43225-F21C-47C4-BEAB-92FD5FD32F69}.Release|Any CPU.ActiveCfg = Release|Any CPU
		{4DE43225-F21C-47C4-BEAB-92FD5FD32F69}.Release|Any CPU.Build.0 = Release|Any CPU
	EndGlobalSection
	GlobalSection(SolutionProperties) = preSolution
		HideSolutionNode = FALSE
	EndGlobalSection
	GlobalSection(NestedProjects) = preSolution
		{C16B1392-AE24-4C31-BF5A-F536CFF98344} = {37B6CE95-ADF4-4F28-8918-AB44D93A697C}
		{4DE43225-F21C-47C4-BEAB-92FD5FD32F69} = {D2118ABB-6B3A-4411-91A6-335ED11E0B05}
	EndGlobalSection
	GlobalSection(ExtensibilityGlobals) = postSolution
		SolutionGuid = {07E108BC-F408-42EB-835F-F17636C97341}
	EndGlobalSection
EndGlobal
